
Microsoft Visual Studio Solution File, Format Version 12.00
# Visual Studio Version 16
VisualStudioVersion = 16.0.31702.278
MinimumVisualStudioVersion = 10.0.40219.1
Project("{9A19103F-16F7-4668-BE54-9A1E7A4F7556}") = "GeneticGame", "GeneticGame.csproj", "{F1A19E92-C894-475B-A782-40BAF5EF0DCC}"
EndProject
Project("{FAE04EC0-301F-11D3-BF4B-00C04F79EFBC}") = "GeneticGameTest", "..\GeneticGameTest\GeneticGameTest.csproj", "{39D4B084-235E-498D-B2C3-7E8B7A909C4A}"
EndProject
Project("{FAE04EC0-301F-11D3-BF4B-00C04F79EFBC}") = "WPFGraphicGeneticGame", "..\WPFGraphicGeneticGame\WPFGraphicGeneticGame.csproj", "{27C0170F-499C-4CA2-AFA5-5A9F43F2A014}"
EndProject
Global
	GlobalSection(SolutionConfigurationPlatforms) = preSolution
		Debug|Any CPU = Debug|Any CPU
		Release|Any CPU = Release|Any CPU
	EndGlobalSection
	GlobalSection(ProjectConfigurationPlatforms) = postSolution
		{F1A19E92-C894-475B-A782-40BAF5EF0DCC}.Debug|Any CPU.ActiveCfg = Debug|Any CPU
		{F1A19E92-C894-475B-A782-40BAF5EF0DCC}.Debug|Any CPU.Build.0 = Debug|Any CPU
		{F1A19E92-C894-475B-A782-40BAF5EF0DCC}.Release|Any CPU.ActiveCfg = Release|Any CPU
		{F1A19E92-C894-475B-A782-40BAF5EF0DCC}.Release|Any CPU.Build.0 = Release|Any CPU
		{39D4B084-235E-498D-B2C3-7E8B7A909C4A}.Debug|Any CPU.ActiveCfg = Debug|Any CPU
		{39D4B084-235E-498D-B2C3-7E8B7A909C4A}.Debug|Any CPU.Build.0 = Debug|Any CPU
		{39D4B084-235E-498D-B2C3-7E8B7A909C4A}.Release|Any CPU.ActiveCfg = Release|Any CPU
		{39D4B084-235E-498D-B2C3-7E8B7A909C4A}.Release|Any CPU.Build.0 = Release|Any CPU
		{27C0170F-499C-4CA2-AFA5-5A9F43F2A014}.Debug|Any CPU.ActiveCfg = Debug|Any CPU
		{27C0170F-499C-4CA2-AFA5-5A9F43F2A014}.Debug|Any CPU.Build.0 = Debug|Any CPU
		{27C0170F-499C-4CA2-AFA5-5A9F43F2A014}.Release|Any CPU.ActiveCfg = Release|Any CPU
		{27C0170F-499C-4CA2-AFA5-5A9F43F2A014}.Release|Any CPU.Build.0 = Release|Any CPU
	EndGlobalSection
	GlobalSection(SolutionProperties) = preSolution
		HideSolutionNode = FALSE
	EndGlobalSection
	GlobalSection(ExtensibilityGlobals) = postSolution
		SolutionGuid = {E638E6AD-E814-4955-92F9-A6B6F141C182}
	EndGlobalSection
EndGlobal
