
Microsoft Visual Studio Solution File, Format Version 12.00
# Visual Studio Version 16
VisualStudioVersion = 16.0.31702.278
MinimumVisualStudioVersion = 10.0.40219.1
Project("{9A19103F-16F7-4668-BE54-9A1E7A4F7556}") = "GeneticGameLogic", "GeneticGameLogic.csproj", "{BA6AC9D3-C83F-4E5E-8F1B-977716B47BF2}"
EndProject
Global
	GlobalSection(SolutionConfigurationPlatforms) = preSolution
		Debug|Any CPU = Debug|Any CPU
		Release|Any CPU = Release|Any CPU
	EndGlobalSection
	GlobalSection(ProjectConfigurationPlatforms) = postSolution
		{BA6AC9D3-C83F-4E5E-8F1B-977716B47BF2}.Debug|Any CPU.ActiveCfg = Debug|Any CPU
		{BA6AC9D3-C83F-4E5E-8F1B-977716B47BF2}.Debug|Any CPU.Build.0 = Debug|Any CPU
		{BA6AC9D3-C83F-4E5E-8F1B-977716B47BF2}.Release|Any CPU.ActiveCfg = Release|Any CPU
		{BA6AC9D3-C83F-4E5E-8F1B-977716B47BF2}.Release|Any CPU.Build.0 = Release|Any CPU
	EndGlobalSection
	GlobalSection(SolutionProperties) = preSolution
		HideSolutionNode = FALSE
	EndGlobalSection
	GlobalSection(ExtensibilityGlobals) = postSolution
		SolutionGuid = {513E7164-04A0-4491-AC14-AD1A21B3F848}
	EndGlobalSection
EndGlobal
